
Microsoft Visual Studio Solution File, Format Version 12.00
# Visual Studio Version 17
VisualStudioVersion = 17.0.31903.59
MinimumVisualStudioVersion = 10.0.40219.1
Project("{FAE04EC0-301F-11D3-BF4B-00C04F79EFBC}") = "LoggingWithElasticsearch", "LoggingWithElasticsearch\LoggingWithElasticsearch.csproj", "{5C93B635-8174-41C6-900F-E1C14C148642}"
EndProject
Global
	GlobalSection(SolutionConfigurationPlatforms) = preSolution
		Debug|Any CPU = Debug|Any CPU
		Release|Any CPU = Release|Any CPU
	EndGlobalSection
	GlobalSection(ProjectConfigurationPlatforms) = postSolution
		{5C93B635-8174-41C6-900F-E1C14C148642}.Debug|Any CPU.ActiveCfg = Debug|Any CPU
		{5C93B635-8174-41C6-900F-E1C14C148642}.Debug|Any CPU.Build.0 = Debug|Any CPU
		{5C93B635-8174-41C6-900F-E1C14C148642}.Release|Any CPU.ActiveCfg = Release|Any CPU
		{5C93B635-8174-41C6-900F-E1C14C148642}.Release|Any CPU.Build.0 = Release|Any CPU
	EndGlobalSection
	GlobalSection(SolutionProperties) = preSolution
		HideSolutionNode = FALSE
	EndGlobalSection
	GlobalSection(ExtensibilityGlobals) = postSolution
		SolutionGuid = {E1583713-3099-4895-A99E-34D5B2E9824C}
	EndGlobalSection
EndGlobal
